
Microsoft Visual Studio Solution File, Format Version 12.00
# Visual Studio Version 17
VisualStudioVersion = 17.8.34330.188
MinimumVisualStudioVersion = 10.0.40219.1
Project("{FAE04EC0-301F-11D3-BF4B-00C04F79EFBC}") = "ProductPriceAnalyzer", "ProductPriceAnalyzer.csproj", "{B284D8F4-CD92-4E18-B5CA-1C5A1939822B}"
EndProject
Global
	GlobalSection(SolutionConfigurationPlatforms) = preSolution
		Debug|Any CPU = Debug|Any CPU
		Release|Any CPU = Release|Any CPU
	EndGlobalSection
	GlobalSection(ProjectConfigurationPlatforms) = postSolution
		{B284D8F4-CD92-4E18-B5CA-1C5A1939822B}.Debug|Any CPU.ActiveCfg = Debug|Any CPU
		{B284D8F4-CD92-4E18-B5CA-1C5A1939822B}.Debug|Any CPU.Build.0 = Debug|Any CPU
		{B284D8F4-CD92-4E18-B5CA-1C5A1939822B}.Release|Any CPU.ActiveCfg = Release|Any CPU
		{B284D8F4-CD92-4E18-B5CA-1C5A1939822B}.Release|Any CPU.Build.0 = Release|Any CPU
	EndGlobalSection
	GlobalSection(SolutionProperties) = preSolution
		HideSolutionNode = FALSE
	EndGlobalSection
	GlobalSection(ExtensibilityGlobals) = postSolution
		SolutionGuid = {738FEB6C-AEC6-4DDE-9697-089D08DD3865}
	EndGlobalSection
EndGlobal
